
Microsoft Visual Studio Solution File, Format Version 12.00
# Visual Studio 15
VisualStudioVersion = 15.0.27703.1
MinimumVisualStudioVersion = 10.0.40219.1
Project("{FAE04EC0-301F-11D3-BF4B-00C04F79EFBC}") = "ConsoleApp1", "ConsoleApp1\ConsoleApp1.csproj", "{FBA3972C-917A-491F-9407-2E10328D62BD}"
EndProject
Global
	GlobalSection(SolutionConfigurationPlatforms) = preSolution
		Debug|Any CPU = Debug|Any CPU
		Release|Any CPU = Release|Any CPU
	EndGlobalSection
	GlobalSection(ProjectConfigurationPlatforms) = postSolution
		{FBA3972C-917A-491F-9407-2E10328D62BD}.Debug|Any CPU.ActiveCfg = Debug|Any CPU
		{FBA3972C-917A-491F-9407-2E10328D62BD}.Debug|Any CPU.Build.0 = Debug|Any CPU
		{FBA3972C-917A-491F-9407-2E10328D62BD}.Release|Any CPU.ActiveCfg = Release|Any CPU
		{FBA3972C-917A-491F-9407-2E10328D62BD}.Release|Any CPU.Build.0 = Release|Any CPU
	EndGlobalSection
	GlobalSection(SolutionProperties) = preSolution
		HideSolutionNode = FALSE
	EndGlobalSection
	GlobalSection(ExtensibilityGlobals) = postSolution
		SolutionGuid = {0856E03B-B689-4E4C-A4B1-04EAD707C0A2}
	EndGlobalSection
EndGlobal
